
Microsoft Visual Studio Solution File, Format Version 12.00
# Visual Studio Version 16
VisualStudioVersion = 16.0.29728.190
MinimumVisualStudioVersion = 10.0.40219.1
Project("{FAE04EC0-301F-11D3-BF4B-00C04F79EFBC}") = "Vortex", "src\Vortex\Vortex.csproj", "{33830DE8-5B8E-4721-925A-7D3547C27552}"
EndProject
Project("{FAE04EC0-301F-11D3-BF4B-00C04F79EFBC}") = "Vortex-Tests", "src\Vortex-Tests\Vortex-Tests.csproj", "{6A620D68-A0D9-417C-80F1-DBBD700DE019}"
EndProject
Global
	GlobalSection(SolutionConfigurationPlatforms) = preSolution
		Debug|Any CPU = Debug|Any CPU
		Release|Any CPU = Release|Any CPU
	EndGlobalSection
	GlobalSection(ProjectConfigurationPlatforms) = postSolution
		{33830DE8-5B8E-4721-925A-7D3547C27552}.Debug|Any CPU.ActiveCfg = Debug|Any CPU
		{33830DE8-5B8E-4721-925A-7D3547C27552}.Debug|Any CPU.Build.0 = Debug|Any CPU
		{33830DE8-5B8E-4721-925A-7D3547C27552}.Release|Any CPU.ActiveCfg = Release|Any CPU
		{33830DE8-5B8E-4721-925A-7D3547C27552}.Release|Any CPU.Build.0 = Release|Any CPU
		{6A620D68-A0D9-417C-80F1-DBBD700DE019}.Debug|Any CPU.ActiveCfg = Debug|Any CPU
		{6A620D68-A0D9-417C-80F1-DBBD700DE019}.Debug|Any CPU.Build.0 = Debug|Any CPU
		{6A620D68-A0D9-417C-80F1-DBBD700DE019}.Release|Any CPU.ActiveCfg = Release|Any CPU
		{6A620D68-A0D9-417C-80F1-DBBD700DE019}.Release|Any CPU.Build.0 = Release|Any CPU
	EndGlobalSection
	GlobalSection(SolutionProperties) = preSolution
		HideSolutionNode = FALSE
	EndGlobalSection
	GlobalSection(ExtensibilityGlobals) = postSolution
		SolutionGuid = {2188C031-E2E4-46CB-B22B-763C99789E0E}
	EndGlobalSection
EndGlobal
